
Microsoft Visual Studio Solution File, Format Version 12.00
# Visual Studio 14
VisualStudioVersion = 14.0.25420.1
MinimumVisualStudioVersion = 10.0.40219.1
Project("{FAE04EC0-301F-11D3-BF4B-00C04F79EFBC}") = "Ex01", "Ex01\Ex01.csproj", "{BBDEFB60-5634-485B-B39F-2831E1E1C03B}"
EndProject
Global
	GlobalSection(SolutionConfigurationPlatforms) = preSolution
		Debug|Any CPU = Debug|Any CPU
		Release|Any CPU = Release|Any CPU
	EndGlobalSection
	GlobalSection(ProjectConfigurationPlatforms) = postSolution
		{BBDEFB60-5634-485B-B39F-2831E1E1C03B}.Debug|Any CPU.ActiveCfg = Debug|Any CPU
		{BBDEFB60-5634-485B-B39F-2831E1E1C03B}.Debug|Any CPU.Build.0 = Debug|Any CPU
		{BBDEFB60-5634-485B-B39F-2831E1E1C03B}.Release|Any CPU.ActiveCfg = Release|Any CPU
		{BBDEFB60-5634-485B-B39F-2831E1E1C03B}.Release|Any CPU.Build.0 = Release|Any CPU
	EndGlobalSection
	GlobalSection(SolutionProperties) = preSolution
		HideSolutionNode = FALSE
	EndGlobalSection
EndGlobal
