
Microsoft Visual Studio Solution File, Format Version 12.00
# Visual Studio 14
VisualStudioVersion = 14.0.25420.1
MinimumVisualStudioVersion = 10.0.40219.1
Project("{FAE04EC0-301F-11D3-BF4B-00C04F79EFBC}") = "Ex04", "Ex04\Ex04.csproj", "{ED5584AF-C28B-42B4-87BB-5B9E95C0CC05}"
EndProject
Global
	GlobalSection(SolutionConfigurationPlatforms) = preSolution
		Debug|Any CPU = Debug|Any CPU
		Release|Any CPU = Release|Any CPU
	EndGlobalSection
	GlobalSection(ProjectConfigurationPlatforms) = postSolution
		{ED5584AF-C28B-42B4-87BB-5B9E95C0CC05}.Debug|Any CPU.ActiveCfg = Debug|Any CPU
		{ED5584AF-C28B-42B4-87BB-5B9E95C0CC05}.Debug|Any CPU.Build.0 = Debug|Any CPU
		{ED5584AF-C28B-42B4-87BB-5B9E95C0CC05}.Release|Any CPU.ActiveCfg = Release|Any CPU
		{ED5584AF-C28B-42B4-87BB-5B9E95C0CC05}.Release|Any CPU.Build.0 = Release|Any CPU
	EndGlobalSection
	GlobalSection(SolutionProperties) = preSolution
		HideSolutionNode = FALSE
	EndGlobalSection
EndGlobal
